
Microsoft Visual Studio Solution File, Format Version 12.00
# Visual Studio Version 17
VisualStudioVersion = 17.8.34525.116
MinimumVisualStudioVersion = 10.0.40219.1
Project("{9A19103F-16F7-4668-BE54-9A1E7A4F7556}") = "Geometry", "Geometry\Geometry.csproj", "{0FDF7E90-92D7-46D2-A09D-40F0AE967BA7}"
EndProject
Project("{9A19103F-16F7-4668-BE54-9A1E7A4F7556}") = "GeometryTests", "GeometryTests\GeometryTests.csproj", "{0A9F0463-73F5-416D-AD50-FA4CC9723FB7}"
EndProject
Global
	GlobalSection(SolutionConfigurationPlatforms) = preSolution
		Debug|Any CPU = Debug|Any CPU
		Release|Any CPU = Release|Any CPU
	EndGlobalSection
	GlobalSection(ProjectConfigurationPlatforms) = postSolution
		{0FDF7E90-92D7-46D2-A09D-40F0AE967BA7}.Debug|Any CPU.ActiveCfg = Debug|Any CPU
		{0FDF7E90-92D7-46D2-A09D-40F0AE967BA7}.Debug|Any CPU.Build.0 = Debug|Any CPU
		{0FDF7E90-92D7-46D2-A09D-40F0AE967BA7}.Release|Any CPU.ActiveCfg = Release|Any CPU
		{0FDF7E90-92D7-46D2-A09D-40F0AE967BA7}.Release|Any CPU.Build.0 = Release|Any CPU
		{0A9F0463-73F5-416D-AD50-FA4CC9723FB7}.Debug|Any CPU.ActiveCfg = Debug|Any CPU
		{0A9F0463-73F5-416D-AD50-FA4CC9723FB7}.Debug|Any CPU.Build.0 = Debug|Any CPU
		{0A9F0463-73F5-416D-AD50-FA4CC9723FB7}.Release|Any CPU.ActiveCfg = Release|Any CPU
		{0A9F0463-73F5-416D-AD50-FA4CC9723FB7}.Release|Any CPU.Build.0 = Release|Any CPU
	EndGlobalSection
	GlobalSection(SolutionProperties) = preSolution
		HideSolutionNode = FALSE
	EndGlobalSection
	GlobalSection(ExtensibilityGlobals) = postSolution
		SolutionGuid = {49A23DAB-3E26-4087-99F5-9083C78EF7F7}
	EndGlobalSection
EndGlobal
